
Microsoft Visual Studio Solution File, Format Version 12.00
# Visual Studio Version 16
VisualStudioVersion = 16.0.29411.108
MinimumVisualStudioVersion = 10.0.40219.1
Project("{FAE04EC0-301F-11D3-BF4B-00C04F79EFBC}") = "FormFingerPrint", "FormFingerPrint\FormFingerPrint.csproj", "{3E737460-F80A-4A51-9111-35009AFC37CA}"
EndProject
Project("{FAE04EC0-301F-11D3-BF4B-00C04F79EFBC}") = "HM_DataLayer", "HM_DataLayer\HM_DataLayer.csproj", "{50B3174A-7D76-4C7D-833B-A52A2B24165E}"
EndProject
Project("{FAE04EC0-301F-11D3-BF4B-00C04F79EFBC}") = "FuncionesLogicas", "FuncionesLogicas\FuncionesLogicas.csproj", "{1EE350EE-5294-4C69-834A-D717516F1EC3}"
EndProject
Project("{FAE04EC0-301F-11D3-BF4B-00C04F79EFBC}") = "Entidades", "Entidades\Entidades.csproj", "{80B33B1E-3199-4722-825A-148004A686A4}"
EndProject
Global
	GlobalSection(SolutionConfigurationPlatforms) = preSolution
		Debug|Any CPU = Debug|Any CPU
		Release|Any CPU = Release|Any CPU
	EndGlobalSection
	GlobalSection(ProjectConfigurationPlatforms) = postSolution
		{3E737460-F80A-4A51-9111-35009AFC37CA}.Debug|Any CPU.ActiveCfg = Debug|Any CPU
		{3E737460-F80A-4A51-9111-35009AFC37CA}.Debug|Any CPU.Build.0 = Debug|Any CPU
		{3E737460-F80A-4A51-9111-35009AFC37CA}.Release|Any CPU.ActiveCfg = Release|Any CPU
		{3E737460-F80A-4A51-9111-35009AFC37CA}.Release|Any CPU.Build.0 = Release|Any CPU
		{50B3174A-7D76-4C7D-833B-A52A2B24165E}.Debug|Any CPU.ActiveCfg = Debug|Any CPU
		{50B3174A-7D76-4C7D-833B-A52A2B24165E}.Debug|Any CPU.Build.0 = Debug|Any CPU
		{50B3174A-7D76-4C7D-833B-A52A2B24165E}.Release|Any CPU.ActiveCfg = Release|Any CPU
		{50B3174A-7D76-4C7D-833B-A52A2B24165E}.Release|Any CPU.Build.0 = Release|Any CPU
		{1EE350EE-5294-4C69-834A-D717516F1EC3}.Debug|Any CPU.ActiveCfg = Debug|Any CPU
		{1EE350EE-5294-4C69-834A-D717516F1EC3}.Debug|Any CPU.Build.0 = Debug|Any CPU
		{1EE350EE-5294-4C69-834A-D717516F1EC3}.Release|Any CPU.ActiveCfg = Release|Any CPU
		{1EE350EE-5294-4C69-834A-D717516F1EC3}.Release|Any CPU.Build.0 = Release|Any CPU
		{80B33B1E-3199-4722-825A-148004A686A4}.Debug|Any CPU.ActiveCfg = Debug|Any CPU
		{80B33B1E-3199-4722-825A-148004A686A4}.Debug|Any CPU.Build.0 = Debug|Any CPU
		{80B33B1E-3199-4722-825A-148004A686A4}.Release|Any CPU.ActiveCfg = Release|Any CPU
		{80B33B1E-3199-4722-825A-148004A686A4}.Release|Any CPU.Build.0 = Release|Any CPU
	EndGlobalSection
	GlobalSection(SolutionProperties) = preSolution
		HideSolutionNode = FALSE
	EndGlobalSection
	GlobalSection(ExtensibilityGlobals) = postSolution
		SolutionGuid = {A0307110-1933-4EE0-B6EE-1EA455BEEFF8}
	EndGlobalSection
EndGlobal
